
Microsoft Visual Studio Solution File, Format Version 12.00
# Visual Studio Version 17
VisualStudioVersion = 17.2.32516.85
MinimumVisualStudioVersion = 10.0.40219.1
Project("{FAE04EC0-301F-11D3-BF4B-00C04F79EFBC}") = "Practice_1", "Practice_1\Practice_1.csproj", "{5BED24C7-DAD3-4265-A0A0-C3E8A8C12D0D}"
EndProject
Global
	GlobalSection(SolutionConfigurationPlatforms) = preSolution
		Debug|Any CPU = Debug|Any CPU
		Release|Any CPU = Release|Any CPU
	EndGlobalSection
	GlobalSection(ProjectConfigurationPlatforms) = postSolution
		{5BED24C7-DAD3-4265-A0A0-C3E8A8C12D0D}.Debug|Any CPU.ActiveCfg = Debug|Any CPU
		{5BED24C7-DAD3-4265-A0A0-C3E8A8C12D0D}.Debug|Any CPU.Build.0 = Debug|Any CPU
		{5BED24C7-DAD3-4265-A0A0-C3E8A8C12D0D}.Release|Any CPU.ActiveCfg = Release|Any CPU
		{5BED24C7-DAD3-4265-A0A0-C3E8A8C12D0D}.Release|Any CPU.Build.0 = Release|Any CPU
	EndGlobalSection
	GlobalSection(SolutionProperties) = preSolution
		HideSolutionNode = FALSE
	EndGlobalSection
	GlobalSection(ExtensibilityGlobals) = postSolution
		SolutionGuid = {14C16FCD-B0A2-4419-BB7F-21A67758DA5C}
	EndGlobalSection
EndGlobal
